# THIS IS AN AUTOGENERATED FILE. DO NOT EDIT THIS FILE DIRECTLY.
# yarn lockfile v1


"frameworkdigitalpartnerbr.address-locator@https://testcaue--frameworkdigitalpartnerbr.myvtex.com/_v/private/typings/linked/v1/frameworkdigitalpartnerbr.address-locator@1.0.0+build1647028278/public/@types/frameworkdigitalpartnerbr.address-locator":
  version "1.0.0"
  resolved "https://testcaue--frameworkdigitalpartnerbr.myvtex.com/_v/private/typings/linked/v1/frameworkdigitalpartnerbr.address-locator@1.0.0+build1647028278/public/@types/frameworkdigitalpartnerbr.address-locator#0b8fa32e9f9952c83e5a810edfedd75bde8f3832"

"frameworkdigitalpartnerbr.portal-theme@https://testcaue--frameworkdigitalpartnerbr.myvtex.com/_v/private/typings/linked/v1/frameworkdigitalpartnerbr.portal-theme@0.0.0+build1648064885/public/_types/react":
  version "0.0.0"
  resolved "https://testcaue--frameworkdigitalpartnerbr.myvtex.com/_v/private/typings/linked/v1/frameworkdigitalpartnerbr.portal-theme@0.0.0+build1648064885/public/_types/react#fa7a0347e046eab3dd768998fc9252b2c0dd5aef"

"vtex.add-to-cart-button@http://vtex.vtexassets.com/_v/public/typings/v1/vtex.add-to-cart-button@0.28.0/public/@types/vtex.add-to-cart-button":
  version "0.28.0"
  resolved "http://vtex.vtexassets.com/_v/public/typings/v1/vtex.add-to-cart-button@0.28.0/public/@types/vtex.add-to-cart-button#9d9b0ead453d431c1a5277077614735851526e61"

"vtex.address-form@http://vtex.vtexassets.com/_v/public/typings/v1/vtex.address-form@4.14.0/public/@types/vtex.address-form":
  version "4.14.0"
  resolved "http://vtex.vtexassets.com/_v/public/typings/v1/vtex.address-form@4.14.0/public/@types/vtex.address-form#78fb241185e44e5e390f5ee8e22349158964435c"

"vtex.breadcrumb@http://vtex.vtexassets.com/_v/public/typings/v1/vtex.breadcrumb@1.9.4/public/@types/vtex.breadcrumb":
  version "1.9.4"
  resolved "http://vtex.vtexassets.com/_v/public/typings/v1/vtex.breadcrumb@1.9.4/public/@types/vtex.breadcrumb#624d6ddbd839bccd2b08e10f0f5f4a0509de834b"

"vtex.carousel@http://vtex.vtexassets.com/_v/public/typings/v1/vtex.carousel@2.12.1/public/@types/vtex.carousel":
  version "2.12.1"
  resolved "http://vtex.vtexassets.com/_v/public/typings/v1/vtex.carousel@2.12.1/public/@types/vtex.carousel#f99139a9d22227fa239192a058defd13f8cc50be"

"vtex.checkout-summary@http://vtex.vtexassets.com/_v/public/typings/v1/vtex.checkout-summary@0.21.0/public/@types/vtex.checkout-summary":
  version "0.21.0"
  resolved "http://vtex.vtexassets.com/_v/public/typings/v1/vtex.checkout-summary@0.21.0/public/@types/vtex.checkout-summary#9d73508dd858775d54dde039d5e53a04c1ec509d"

"vtex.condition-layout@http://vtex.vtexassets.com/_v/public/typings/v1/vtex.condition-layout@2.5.0/public/@types/vtex.condition-layout":
  version "2.5.0"
  resolved "http://vtex.vtexassets.com/_v/public/typings/v1/vtex.condition-layout@2.5.0/public/@types/vtex.condition-layout#ccbd1170f131a17675fab2dd17f450168c21d9d9"

"vtex.css-handles@http://vtex.vtexassets.com/_v/public/typings/v1/vtex.css-handles@1.0.0/public/@types/vtex.css-handles":
  version "1.0.0"
  resolved "http://vtex.vtexassets.com/_v/public/typings/v1/vtex.css-handles@1.0.0/public/@types/vtex.css-handles#336b23ef3a9bcb2b809529ba736783acd405d081"

"vtex.disclosure-layout@http://vtex.vtexassets.com/_v/public/typings/v1/vtex.disclosure-layout@1.0.3/public/@types/vtex.disclosure-layout":
  version "1.0.3"
  resolved "http://vtex.vtexassets.com/_v/public/typings/v1/vtex.disclosure-layout@1.0.3/public/@types/vtex.disclosure-layout#15590cd6a3f23e5a7591d76ad1a44b5c0c6a088a"

"vtex.flex-layout@http://vtex.vtexassets.com/_v/public/typings/v1/vtex.flex-layout@0.19.0/public/@types/vtex.flex-layout":
  version "0.19.0"
  resolved "http://vtex.vtexassets.com/_v/public/typings/v1/vtex.flex-layout@0.19.0/public/@types/vtex.flex-layout#042e0e1770bafdd157705abefffe0b2645a98f84"

"vtex.geocms-store-locator@http://vtex.vtexassets.com/_v/public/typings/v1/vtex.geocms-store-locator@0.2.0/public/@types/vtex.geocms-store-locator":
  version "0.2.0"
  resolved "http://vtex.vtexassets.com/_v/public/typings/v1/vtex.geocms-store-locator@0.2.0/public/@types/vtex.geocms-store-locator#1f8278f9168d37108d6b2676114131e0380a99b0"

"vtex.locale-switcher@http://vtex.vtexassets.com/_v/public/typings/v1/vtex.locale-switcher@0.5.6/public/@types/vtex.locale-switcher":
  version "0.5.6"
  resolved "http://vtex.vtexassets.com/_v/public/typings/v1/vtex.locale-switcher@0.5.6/public/@types/vtex.locale-switcher#5db8558af5593d65e4fff3da0903d0081dfcab42"

"vtex.login@http://vtex.vtexassets.com/_v/public/typings/v1/vtex.login@2.52.1/public/@types/vtex.login":
  version "2.52.1"
  resolved "http://vtex.vtexassets.com/_v/public/typings/v1/vtex.login@2.52.1/public/@types/vtex.login#7e0e101089ff2172f6223be944d22597b6215b39"

"vtex.menu@http://vtex.vtexassets.com/_v/public/typings/v1/vtex.menu@2.34.5/public/@types/vtex.menu":
  version "2.34.5"
  resolved "http://vtex.vtexassets.com/_v/public/typings/v1/vtex.menu@2.34.5/public/@types/vtex.menu#1314120b59bf04b958f8e5095b57dcc9c3ed189f"

"vtex.minicart@http://vtex.vtexassets.com/_v/public/typings/v1/vtex.minicart@2.63.3/public/@types/vtex.minicart":
  version "2.63.3"
  resolved "http://vtex.vtexassets.com/_v/public/typings/v1/vtex.minicart@2.63.3/public/@types/vtex.minicart#6e8d4775fe529c2c002ac7df2e27e5c785978cf1"

"vtex.modal-layout@http://vtex.vtexassets.com/_v/public/typings/v1/vtex.modal-layout@0.13.0/public/@types/vtex.modal-layout":
  version "0.13.0"
  resolved "http://vtex.vtexassets.com/_v/public/typings/v1/vtex.modal-layout@0.13.0/public/@types/vtex.modal-layout#394972b7d8c7ecd9ea941785c39cd873fbe37fad"

"vtex.my-account@http://vtex.vtexassets.com/_v/public/typings/v1/vtex.my-account@1.25.0/public/@types/vtex.my-account":
  version "1.25.0"
  resolved "http://vtex.vtexassets.com/_v/public/typings/v1/vtex.my-account@1.25.0/public/@types/vtex.my-account#3bc46389c0aa28f4e3e2e008fe3690f5901b1f2a"

"vtex.order-placed@http://vtex.vtexassets.com/_v/public/typings/v1/vtex.order-placed@2.16.0/public/@types/vtex.order-placed":
  version "2.16.0"
  resolved "http://vtex.vtexassets.com/_v/public/typings/v1/vtex.order-placed@2.16.0/public/@types/vtex.order-placed#c8b407e53409bb8d915934d3d74f73264746713b"

"vtex.pickup-points-selector@http://vtex.vtexassets.com/_v/public/typings/v1/vtex.pickup-points-selector@0.0.4/public/_types/react":
  version "0.0.0"
  resolved "http://vtex.vtexassets.com/_v/public/typings/v1/vtex.pickup-points-selector@0.0.4/public/_types/react#fa7a0347e046eab3dd768998fc9252b2c0dd5aef"

"vtex.product-bookmark-interfaces@http://vtex.vtexassets.com/_v/public/typings/v1/vtex.product-bookmark-interfaces@1.0.1/public/@types/vtex.product-bookmark-interfaces":
  version "1.0.1"
  resolved "http://vtex.vtexassets.com/_v/public/typings/v1/vtex.product-bookmark-interfaces@1.0.1/public/@types/vtex.product-bookmark-interfaces#2c26815e4afa45b2e254a23e5abb356424bb09e7"

"vtex.product-customizer@http://vtex.vtexassets.com/_v/public/typings/v1/vtex.product-customizer@2.11.2/public/@types/vtex.product-customizer":
  version "2.11.2"
  resolved "http://vtex.vtexassets.com/_v/public/typings/v1/vtex.product-customizer@2.11.2/public/@types/vtex.product-customizer#d3bb0f7c49be9bd2553fb38ce206a20a8869f5c6"

"vtex.product-details@http://vtex.vtexassets.com/_v/public/typings/v1/vtex.product-details@1.21.0/public/@types/vtex.product-details":
  version "1.21.0"
  resolved "http://vtex.vtexassets.com/_v/public/typings/v1/vtex.product-details@1.21.0/public/@types/vtex.product-details#e1c86843e16576ea6b7140546c88783af3f48ac1"

"vtex.product-gifts@http://vtex.vtexassets.com/_v/public/typings/v1/vtex.product-gifts@0.3.1/public/@types/vtex.product-gifts":
  version "0.3.1"
  resolved "http://vtex.vtexassets.com/_v/public/typings/v1/vtex.product-gifts@0.3.1/public/@types/vtex.product-gifts#25f8a27d171292b1413993acba38e2b68f7550a5"

"vtex.product-highlights@http://vtex.vtexassets.com/_v/public/typings/v1/vtex.product-highlights@2.2.2/public/@types/vtex.product-highlights":
  version "2.2.2"
  resolved "http://vtex.vtexassets.com/_v/public/typings/v1/vtex.product-highlights@2.2.2/public/@types/vtex.product-highlights#2f9f8854c8ab52b585eb2fd52dcd262e5e451e8f"

"vtex.product-identifier@http://vtex.vtexassets.com/_v/public/typings/v1/vtex.product-identifier@0.3.1/public/@types/vtex.product-identifier":
  version "0.3.1"
  resolved "http://vtex.vtexassets.com/_v/public/typings/v1/vtex.product-identifier@0.3.1/public/@types/vtex.product-identifier#6a2a4a0c821983ca6683ea1aa475cb3a8c71c4a8"

"vtex.product-kit@http://vtex.vtexassets.com/_v/public/typings/v1/vtex.product-kit@1.10.2/public/_types/react":
  version "0.0.0"
  resolved "http://vtex.vtexassets.com/_v/public/typings/v1/vtex.product-kit@1.10.2/public/_types/react#fa7a0347e046eab3dd768998fc9252b2c0dd5aef"

"vtex.product-list@http://vtex.vtexassets.com/_v/public/typings/v1/vtex.product-list@0.35.0/public/@types/vtex.product-list":
  version "0.35.0"
  resolved "http://vtex.vtexassets.com/_v/public/typings/v1/vtex.product-list@0.35.0/public/@types/vtex.product-list#1334bd0c9628e1b9ad3c6097d4df7d1abe00e443"

"vtex.product-price@http://vtex.vtexassets.com/_v/public/typings/v1/vtex.product-price@1.27.0/public/@types/vtex.product-price":
  version "1.27.0"
  resolved "http://vtex.vtexassets.com/_v/public/typings/v1/vtex.product-price@1.27.0/public/@types/vtex.product-price#e78b2fa97ac3c9779d513a4f84f084b4de33345c"

"vtex.product-quantity@http://vtex.vtexassets.com/_v/public/typings/v1/vtex.product-quantity@1.8.0/public/@types/vtex.product-quantity":
  version "1.8.0"
  resolved "http://vtex.vtexassets.com/_v/public/typings/v1/vtex.product-quantity@1.8.0/public/@types/vtex.product-quantity#4d39344c343969233b11c06a202d11e07e4f62da"

"vtex.product-review-interfaces@http://vtex.vtexassets.com/_v/public/typings/v1/vtex.product-review-interfaces@1.0.2/public/_types/react":
  version "1.0.2"
  resolved "http://vtex.vtexassets.com/_v/public/typings/v1/vtex.product-review-interfaces@1.0.2/public/_types/react#84d1997cdae079d1401611f3d4a4619ed914673f"

"vtex.product-specification-badges@http://vtex.vtexassets.com/_v/public/typings/v1/vtex.product-specification-badges@0.3.0/public/@types/vtex.product-specification-badges":
  version "0.3.0"
  resolved "http://vtex.vtexassets.com/_v/public/typings/v1/vtex.product-specification-badges@0.3.0/public/@types/vtex.product-specification-badges#2df6b189acfabf642504df02d7b8ad406ee90c07"

"vtex.product-specifications@http://vtex.vtexassets.com/_v/public/typings/v1/vtex.product-specifications@1.1.1/public/@types/vtex.product-specifications":
  version "1.1.1"
  resolved "http://vtex.vtexassets.com/_v/public/typings/v1/vtex.product-specifications@1.1.1/public/@types/vtex.product-specifications#f680211515fcab9f5498804df9402369ef2dabb8"

"vtex.product-summary@http://vtex.vtexassets.com/_v/public/typings/v1/vtex.product-summary@2.79.0/public/@types/vtex.product-summary":
  version "2.79.0"
  resolved "http://vtex.vtexassets.com/_v/public/typings/v1/vtex.product-summary@2.79.0/public/@types/vtex.product-summary#b819f660ab521cb7fa2ef3033f597f354d09b200"

"vtex.profile-form@http://vtex.vtexassets.com/_v/public/typings/v1/vtex.profile-form@3.13.1/public/@types/vtex.profile-form":
  version "3.13.1"
  resolved "http://vtex.vtexassets.com/_v/public/typings/v1/vtex.profile-form@3.13.1/public/@types/vtex.profile-form#8ef23896f3781a07546fe82aa12f97bd7f790e4d"

"vtex.render-runtime@http://vtex.vtexassets.com/_v/public/typings/v1/vtex.render-runtime@8.132.4/public/@types/vtex.render-runtime":
  version "8.132.4"
  resolved "http://vtex.vtexassets.com/_v/public/typings/v1/vtex.render-runtime@8.132.4/public/@types/vtex.render-runtime#66bb41bd4d342e37c9d85172aad5f7eefebfb6dc"

"vtex.responsive-layout@http://vtex.vtexassets.com/_v/public/typings/v1/vtex.responsive-layout@0.1.2/public/@types/vtex.responsive-layout":
  version "0.1.2"
  resolved "http://vtex.vtexassets.com/_v/public/typings/v1/vtex.responsive-layout@0.1.2/public/@types/vtex.responsive-layout#e33f23a78afb3ffb8ff8aedc77b1ca6728583e72"

"vtex.rich-text@http://vtex.vtexassets.com/_v/public/typings/v1/vtex.rich-text@0.15.0/public/@types/vtex.rich-text":
  version "0.15.0"
  resolved "http://vtex.vtexassets.com/_v/public/typings/v1/vtex.rich-text@0.15.0/public/@types/vtex.rich-text#f23416cea64e72531069e58f1b137dfdb5b4b510"

"vtex.search-result@http://vtex.vtexassets.com/_v/public/typings/v1/vtex.search-result@3.116.0/public/@types/vtex.search-result":
  version "3.116.0"
  resolved "http://vtex.vtexassets.com/_v/public/typings/v1/vtex.search-result@3.116.0/public/@types/vtex.search-result#981ce6554562439deecd707d68715e91cfc9db70"

"vtex.shelf@http://vtex.vtexassets.com/_v/public/typings/v1/vtex.shelf@1.47.2/public/@types/vtex.shelf":
  version "1.47.2"
  resolved "http://vtex.vtexassets.com/_v/public/typings/v1/vtex.shelf@1.47.2/public/@types/vtex.shelf#9b61c9584703c48d5fa0b7db12d13fe12e0a247c"

"vtex.slider-layout@http://vtex.vtexassets.com/_v/public/typings/v1/vtex.slider-layout@0.22.1/public/@types/vtex.slider-layout":
  version "0.22.1"
  resolved "http://vtex.vtexassets.com/_v/public/typings/v1/vtex.slider-layout@0.22.1/public/@types/vtex.slider-layout#99a036fbcd48fb1d0f12f61e9b5d169f1f8af511"

"vtex.slider@http://vtex.vtexassets.com/_v/public/typings/v1/vtex.slider@0.8.3/public/@types/vtex.slider":
  version "0.8.3"
  resolved "http://vtex.vtexassets.com/_v/public/typings/v1/vtex.slider@0.8.3/public/@types/vtex.slider#9b7be08012a5d3ec41fdc651235a964cb5f7db85"

"vtex.stack-layout@http://vtex.vtexassets.com/_v/public/typings/v1/vtex.stack-layout@0.1.0/public/@types/vtex.stack-layout":
  version "0.1.0"
  resolved "http://vtex.vtexassets.com/_v/public/typings/v1/vtex.stack-layout@0.1.0/public/@types/vtex.stack-layout#79bcd9f70b4b6926b85686be14879a3b90d52c63"

"vtex.sticky-layout@http://vtex.vtexassets.com/_v/public/typings/v1/vtex.sticky-layout@0.3.4/public/@types/vtex.sticky-layout":
  version "0.3.4"
  resolved "http://vtex.vtexassets.com/_v/public/typings/v1/vtex.sticky-layout@0.3.4/public/@types/vtex.sticky-layout#5b786d6f9ab0a40e4997c955a75885eee32515ef"

"vtex.store-components@http://vtex.vtexassets.com/_v/public/typings/v1/vtex.store-components@3.158.0/public/@types/vtex.store-components":
  version "3.158.0"
  resolved "http://vtex.vtexassets.com/_v/public/typings/v1/vtex.store-components@3.158.0/public/@types/vtex.store-components#92018e6f735e19ef369358856c26f2d27140db91"

"vtex.store-drawer@http://vtex.vtexassets.com/_v/public/typings/v1/vtex.store-drawer@0.16.1/public/@types/vtex.store-drawer":
  version "0.16.1"
  resolved "http://vtex.vtexassets.com/_v/public/typings/v1/vtex.store-drawer@0.16.1/public/@types/vtex.store-drawer#08f723e5cdd01e23be642b4fdbc1225f600ce107"

"vtex.store-footer@http://vtex.vtexassets.com/_v/public/typings/v1/vtex.store-footer@2.25.0/public/@types/vtex.store-footer":
  version "2.25.0"
  resolved "http://vtex.vtexassets.com/_v/public/typings/v1/vtex.store-footer@2.25.0/public/@types/vtex.store-footer#8a6c11f53c281793609b03b205f5f7cadac70b4f"

"vtex.store-form@http://vtex.vtexassets.com/_v/public/typings/v1/vtex.store-form@0.7.1/public/@types/vtex.store-form":
  version "0.7.1"
  resolved "http://vtex.vtexassets.com/_v/public/typings/v1/vtex.store-form@0.7.1/public/@types/vtex.store-form#901a21b19ae4c3260a5c582d22903d4ed2b0d28a"

"vtex.store-graphql@http://vtex.vtexassets.com/_v/public/typings/v1/vtex.store-graphql@2.149.4/public/@types/vtex.store-graphql":
  version "2.149.4"
  resolved "http://vtex.vtexassets.com/_v/public/typings/v1/vtex.store-graphql@2.149.4/public/@types/vtex.store-graphql#8b4eaff2109b5eda3d86d387de5289ff63f93e6b"

"vtex.store-header@http://vtex.vtexassets.com/_v/public/typings/v1/vtex.store-header@2.28.0/public/@types/vtex.store-header":
  version "2.28.0"
  resolved "http://vtex.vtexassets.com/_v/public/typings/v1/vtex.store-header@2.28.0/public/@types/vtex.store-header#4aa32ed928e0a3ff6b6d4bd35bc3f1641988c1a8"

"vtex.store-icons@http://vtex.vtexassets.com/_v/public/typings/v1/vtex.store-icons@0.18.0/public/@types/vtex.store-icons":
  version "0.18.0"
  resolved "http://vtex.vtexassets.com/_v/public/typings/v1/vtex.store-icons@0.18.0/public/@types/vtex.store-icons#0ee94d549aa283ce3a13ab987c13eac4fdfd1bba"

"vtex.store-image@http://vtex.vtexassets.com/_v/public/typings/v1/vtex.store-image@0.14.2/public/@types/vtex.store-image":
  version "0.14.2"
  resolved "http://vtex.vtexassets.com/_v/public/typings/v1/vtex.store-image@0.14.2/public/@types/vtex.store-image#8110d7fe7a27c8e08cab98f52426ca239be38694"

"vtex.store-link@http://vtex.vtexassets.com/_v/public/typings/v1/vtex.store-link@0.8.1/public/@types/vtex.store-link":
  version "0.8.1"
  resolved "http://vtex.vtexassets.com/_v/public/typings/v1/vtex.store-link@0.8.1/public/@types/vtex.store-link#a69c5217b1f121e286fdc6b2d4ee66d8198db0f0"

"vtex.store-resources@http://vtex.vtexassets.com/_v/public/typings/v1/vtex.store-resources@0.86.0/public/@types/vtex.store-resources":
  version "0.86.0"
  resolved "http://vtex.vtexassets.com/_v/public/typings/v1/vtex.store-resources@0.86.0/public/@types/vtex.store-resources#f7342903c67ab8abe50f413b2ca4b845c93e4706"

"vtex.store-video@http://vtex.vtexassets.com/_v/public/typings/v1/vtex.store-video@1.4.3/public/@types/vtex.store-video":
  version "1.4.3"
  resolved "http://vtex.vtexassets.com/_v/public/typings/v1/vtex.store-video@1.4.3/public/@types/vtex.store-video#39c9ebc2b1d0edbf3310226b6d93bc1c09091856"

"vtex.store@http://vtex.vtexassets.com/_v/public/typings/v1/vtex.store@2.123.0/public/@types/vtex.store":
  version "2.123.0"
  resolved "http://vtex.vtexassets.com/_v/public/typings/v1/vtex.store@2.123.0/public/@types/vtex.store#bde5670d4479f8a25b21b907ea04ed923a4ae676"

"vtex.styleguide@http://vtex.vtexassets.com/_v/public/typings/v1/vtex.styleguide@9.146.1/public/@types/vtex.styleguide":
  version "9.146.1"
  resolved "http://vtex.vtexassets.com/_v/public/typings/v1/vtex.styleguide@9.146.1/public/@types/vtex.styleguide#66db40ca1b78ad77ce4beedabecee320e1ef2ead"

"vtex.tab-layout@http://vtex.vtexassets.com/_v/public/typings/v1/vtex.tab-layout@0.4.3/public/@types/vtex.tab-layout":
  version "0.4.3"
  resolved "http://vtex.vtexassets.com/_v/public/typings/v1/vtex.tab-layout@0.4.3/public/@types/vtex.tab-layout#579ee7ffabb55ce7ed271b0af1015f41c49b7f30"

"vtex.telemarketing@http://vtex.vtexassets.com/_v/public/typings/v1/vtex.telemarketing@2.11.1/public/@types/vtex.telemarketing":
  version "2.11.1"
  resolved "http://vtex.vtexassets.com/_v/public/typings/v1/vtex.telemarketing@2.11.1/public/@types/vtex.telemarketing#747a47bc888fce4032b384338dfc45c1f3e538ce"
